
Microsoft Visual Studio Solution File, Format Version 12.00
# Visual Studio Version 17
VisualStudioVersion = 17.14.36705.20 d17.14
MinimumVisualStudioVersion = 10.0.40219.1
Project("{FAE04EC0-301F-11D3-BF4B-00C04F79EFBC}") = "Diastema", "Diastema\Diastema.csproj", "{2510BAE4-C06B-402C-AC5E-A9FDF0E3C239}"
EndProject
Global
	GlobalSection(SolutionConfigurationPlatforms) = preSolution
		Debug|Any CPU = Debug|Any CPU
		Debug|x64 = Debug|x64
		Debug|x86 = Debug|x86
		Release|Any CPU = Release|Any CPU
		Release|x64 = Release|x64
		Release|x86 = Release|x86
	EndGlobalSection
	GlobalSection(ProjectConfigurationPlatforms) = postSolution
		{2510BAE4-C06B-402C-AC5E-A9FDF0E3C239}.Debug|Any CPU.ActiveCfg = Debug|Any CPU
		{2510BAE4-C06B-402C-AC5E-A9FDF0E3C239}.Debug|Any CPU.Build.0 = Debug|Any CPU
		{2510BAE4-C06B-402C-AC5E-A9FDF0E3C239}.Debug|x64.ActiveCfg = Debug|x64
		{2510BAE4-C06B-402C-AC5E-A9FDF0E3C239}.Debug|x64.Build.0 = Debug|x64
		{2510BAE4-C06B-402C-AC5E-A9FDF0E3C239}.Debug|x86.ActiveCfg = Debug|x86
		{2510BAE4-C06B-402C-AC5E-A9FDF0E3C239}.Debug|x86.Build.0 = Debug|x86
		{2510BAE4-C06B-402C-AC5E-A9FDF0E3C239}.Release|Any CPU.ActiveCfg = Release|Any CPU
		{2510BAE4-C06B-402C-AC5E-A9FDF0E3C239}.Release|Any CPU.Build.0 = Release|Any CPU
		{2510BAE4-C06B-402C-AC5E-A9FDF0E3C239}.Release|x64.ActiveCfg = Release|x64
		{2510BAE4-C06B-402C-AC5E-A9FDF0E3C239}.Release|x64.Build.0 = Release|x64
		{2510BAE4-C06B-402C-AC5E-A9FDF0E3C239}.Release|x86.ActiveCfg = Release|x86
		{2510BAE4-C06B-402C-AC5E-A9FDF0E3C239}.Release|x86.Build.0 = Release|x86
	EndGlobalSection
	GlobalSection(SolutionProperties) = preSolution
		HideSolutionNode = FALSE
	EndGlobalSection
	GlobalSection(ExtensibilityGlobals) = postSolution
		SolutionGuid = {6E89FCFA-8D10-4BD2-A28E-FBE7D929F0F0}
	EndGlobalSection
EndGlobal
